
Microsoft Visual Studio Solution File, Format Version 12.00
# Visual Studio Version 17
VisualStudioVersion = 17.13.35825.156 d17.13
MinimumVisualStudioVersion = 10.0.40219.1
Project("{FAE04EC0-301F-11D3-BF4B-00C04F79EFBC}") = "Aplicacion", "Aplicacion\Aplicacion.csproj", "{6E06FBDE-49D9-4E33-B5B1-727F902C7D5F}"
EndProject
Global
	GlobalSection(SolutionConfigurationPlatforms) = preSolution
		Debug|Any CPU = Debug|Any CPU
		Release|Any CPU = Release|Any CPU
	EndGlobalSection
	GlobalSection(ProjectConfigurationPlatforms) = postSolution
		{6E06FBDE-49D9-4E33-B5B1-727F902C7D5F}.Debug|Any CPU.ActiveCfg = Debug|Any CPU
		{6E06FBDE-49D9-4E33-B5B1-727F902C7D5F}.Debug|Any CPU.Build.0 = Debug|Any CPU
		{6E06FBDE-49D9-4E33-B5B1-727F902C7D5F}.Release|Any CPU.ActiveCfg = Release|Any CPU
		{6E06FBDE-49D9-4E33-B5B1-727F902C7D5F}.Release|Any CPU.Build.0 = Release|Any CPU
	EndGlobalSection
	GlobalSection(SolutionProperties) = preSolution
		HideSolutionNode = FALSE
	EndGlobalSection
	GlobalSection(ExtensibilityGlobals) = postSolution
		SolutionGuid = {E4621464-CE00-46E4-9FFE-7E803A2A644C}
	EndGlobalSection
EndGlobal
